
Microsoft Visual Studio Solution File, Format Version 12.00
# Visual Studio 15
VisualStudioVersion = 15.0.28307.106
MinimumVisualStudioVersion = 10.0.40219.1
Project("{FAE04EC0-301F-11D3-BF4B-00C04F79EFBC}") = "Scripts", "Classes\Scripts.csproj", "{A2025DA0-5A05-4B54-AE27-B7DBFF6C4208}"
EndProject
Project("{FAE04EC0-301F-11D3-BF4B-00C04F79EFBC}") = "Main", "PeasantsAscension\Main.csproj", "{3EF5ADD5-F84E-4C8A-8495-21A9C2818FB0}"
EndProject
Global
	GlobalSection(SolutionConfigurationPlatforms) = preSolution
		Debug|Any CPU = Debug|Any CPU
		Debug|x86 = Debug|x86
		Release|Any CPU = Release|Any CPU
		Release|x86 = Release|x86
	EndGlobalSection
	GlobalSection(ProjectConfigurationPlatforms) = postSolution
		{A2025DA0-5A05-4B54-AE27-B7DBFF6C4208}.Debug|Any CPU.ActiveCfg = Debug|Any CPU
		{A2025DA0-5A05-4B54-AE27-B7DBFF6C4208}.Debug|Any CPU.Build.0 = Debug|Any CPU
		{A2025DA0-5A05-4B54-AE27-B7DBFF6C4208}.Debug|x86.ActiveCfg = Debug|Any CPU
		{A2025DA0-5A05-4B54-AE27-B7DBFF6C4208}.Debug|x86.Build.0 = Debug|Any CPU
		{A2025DA0-5A05-4B54-AE27-B7DBFF6C4208}.Release|Any CPU.ActiveCfg = Release|Any CPU
		{A2025DA0-5A05-4B54-AE27-B7DBFF6C4208}.Release|Any CPU.Build.0 = Release|Any CPU
		{A2025DA0-5A05-4B54-AE27-B7DBFF6C4208}.Release|x86.ActiveCfg = Release|Any CPU
		{A2025DA0-5A05-4B54-AE27-B7DBFF6C4208}.Release|x86.Build.0 = Release|Any CPU
		{3EF5ADD5-F84E-4C8A-8495-21A9C2818FB0}.Debug|Any CPU.ActiveCfg = Debug|Any CPU
		{3EF5ADD5-F84E-4C8A-8495-21A9C2818FB0}.Debug|Any CPU.Build.0 = Debug|Any CPU
		{3EF5ADD5-F84E-4C8A-8495-21A9C2818FB0}.Debug|x86.ActiveCfg = Debug|Any CPU
		{3EF5ADD5-F84E-4C8A-8495-21A9C2818FB0}.Debug|x86.Build.0 = Debug|Any CPU
		{3EF5ADD5-F84E-4C8A-8495-21A9C2818FB0}.Release|Any CPU.ActiveCfg = Release|Any CPU
		{3EF5ADD5-F84E-4C8A-8495-21A9C2818FB0}.Release|Any CPU.Build.0 = Release|Any CPU
		{3EF5ADD5-F84E-4C8A-8495-21A9C2818FB0}.Release|x86.ActiveCfg = Release|Any CPU
		{3EF5ADD5-F84E-4C8A-8495-21A9C2818FB0}.Release|x86.Build.0 = Release|Any CPU
	EndGlobalSection
	GlobalSection(SolutionProperties) = preSolution
		HideSolutionNode = FALSE
	EndGlobalSection
	GlobalSection(ExtensibilityGlobals) = postSolution
		SolutionGuid = {C8919A36-9A0E-46E5-A47B-35FF78003220}
	EndGlobalSection
EndGlobal
