
Microsoft Visual Studio Solution File, Format Version 12.00
# Visual Studio 15
VisualStudioVersion = 15.0.28307.106
MinimumVisualStudioVersion = 10.0.40219.1
Project("{FAE04EC0-301F-11D3-BF4B-00C04F79EFBC}") = "PeasantsAscension", "PeasantsAscension.csproj", "{F9A07A74-B6BB-49B1-848A-99070C7D1579}"
EndProject
Global
	GlobalSection(SolutionConfigurationPlatforms) = preSolution
		Debug|Any CPU = Debug|Any CPU
		Release|Any CPU = Release|Any CPU
	EndGlobalSection
	GlobalSection(ProjectConfigurationPlatforms) = postSolution
		{F9A07A74-B6BB-49B1-848A-99070C7D1579}.Debug|Any CPU.ActiveCfg = Debug|Any CPU
		{F9A07A74-B6BB-49B1-848A-99070C7D1579}.Debug|Any CPU.Build.0 = Debug|Any CPU
		{F9A07A74-B6BB-49B1-848A-99070C7D1579}.Release|Any CPU.ActiveCfg = Release|Any CPU
		{F9A07A74-B6BB-49B1-848A-99070C7D1579}.Release|Any CPU.Build.0 = Release|Any CPU
	EndGlobalSection
	GlobalSection(SolutionProperties) = preSolution
		HideSolutionNode = FALSE
	EndGlobalSection
	GlobalSection(ExtensibilityGlobals) = postSolution
		SolutionGuid = {F88826D8-8527-43ED-A227-68D44397A00A}
	EndGlobalSection
EndGlobal
